
Microsoft Visual Studio Solution File, Format Version 12.00
# Visual Studio Version 17
VisualStudioVersion = 17.9.34728.123
MinimumVisualStudioVersion = 10.0.40219.1
Project("{9A19103F-16F7-4668-BE54-9A1E7A4F7556}") = "miniftp", "miniftp.csproj", "{8A4E5425-CD0F-4BC3-9A32-9848EF255025}"
EndProject
Project("{FAE04EC0-301F-11D3-BF4B-00C04F79EFBC}") = "TinyDownClient", "..\TinyDownClient\TinyDownClient.csproj", "{8FCC12F0-906F-44CD-B15B-C6ED039B9E29}"
EndProject
Global
	GlobalSection(SolutionConfigurationPlatforms) = preSolution
		Debug|Any CPU = Debug|Any CPU
		Release|Any CPU = Release|Any CPU
	EndGlobalSection
	GlobalSection(ProjectConfigurationPlatforms) = postSolution
		{8A4E5425-CD0F-4BC3-9A32-9848EF255025}.Debug|Any CPU.ActiveCfg = Debug|Any CPU
		{8A4E5425-CD0F-4BC3-9A32-9848EF255025}.Debug|Any CPU.Build.0 = Debug|Any CPU
		{8A4E5425-CD0F-4BC3-9A32-9848EF255025}.Release|Any CPU.ActiveCfg = Release|Any CPU
		{8A4E5425-CD0F-4BC3-9A32-9848EF255025}.Release|Any CPU.Build.0 = Release|Any CPU
		{8FCC12F0-906F-44CD-B15B-C6ED039B9E29}.Debug|Any CPU.ActiveCfg = Debug|Any CPU
		{8FCC12F0-906F-44CD-B15B-C6ED039B9E29}.Debug|Any CPU.Build.0 = Debug|Any CPU
		{8FCC12F0-906F-44CD-B15B-C6ED039B9E29}.Release|Any CPU.ActiveCfg = Release|Any CPU
		{8FCC12F0-906F-44CD-B15B-C6ED039B9E29}.Release|Any CPU.Build.0 = Release|Any CPU
	EndGlobalSection
	GlobalSection(SolutionProperties) = preSolution
		HideSolutionNode = FALSE
	EndGlobalSection
	GlobalSection(ExtensibilityGlobals) = postSolution
		SolutionGuid = {62910C22-3B41-4820-B510-6F12537E4DC8}
	EndGlobalSection
EndGlobal
